
Microsoft Visual Studio Solution File, Format Version 11.00
# Visual Studio 2010
Project("{FAE04EC0-301F-11D3-BF4B-00C04F79EFBC}") = "Unity.Timeline", "Unity.Timeline.csproj", "{a856c1fd-54b7-3378-f7df-fbd49a77af70}"
EndProject
Project("{FAE04EC0-301F-11D3-BF4B-00C04F79EFBC}") = "Unity.Timeline.Editor", "Unity.Timeline.Editor.csproj", "{cff58460-1b8f-6353-90ec-44dac4bc6cea}"
EndProject
Project("{FAE04EC0-301F-11D3-BF4B-00C04F79EFBC}") = "Unity.TextMeshPro.Editor", "Unity.TextMeshPro.Editor.csproj", "{1aaa4de2-f890-f434-ad5f-33e721e248b6}"
EndProject
Project("{FAE04EC0-301F-11D3-BF4B-00C04F79EFBC}") = "Unity.VisualScripting.Flow", "Unity.VisualScripting.Flow.csproj", "{c833119b-ce5e-0f89-5372-a87352cf50f1}"
EndProject
Project("{FAE04EC0-301F-11D3-BF4B-00C04F79EFBC}") = "UnityEditor.UI", "UnityEditor.UI.csproj", "{69334ea2-ec48-1b2a-9655-bc2ca66b9d3b}"
EndProject
Project("{FAE04EC0-301F-11D3-BF4B-00C04F79EFBC}") = "Unity.PlasticSCM.Editor", "Unity.PlasticSCM.Editor.csproj", "{49dcc348-dbc2-d80a-f483-f6849fea02dd}"
EndProject
Project("{FAE04EC0-301F-11D3-BF4B-00C04F79EFBC}") = "Unity.VisualScripting.Core", "Unity.VisualScripting.Core.csproj", "{10874f79-3808-9215-98ce-6f182d5b5cd6}"
EndProject
Project("{FAE04EC0-301F-11D3-BF4B-00C04F79EFBC}") = "Unity.VisualScripting.Core.Editor", "Unity.VisualScripting.Core.Editor.csproj", "{416aed83-f33d-e413-0d53-dfc17c5e7822}"
EndProject
Project("{FAE04EC0-301F-11D3-BF4B-00C04F79EFBC}") = "Unity.VisualScripting.Flow.Editor", "Unity.VisualScripting.Flow.Editor.csproj", "{97c80728-cf32-d55d-f404-ab7abbb88168}"
EndProject
Project("{FAE04EC0-301F-11D3-BF4B-00C04F79EFBC}") = "UnityEditor.TestRunner", "UnityEditor.TestRunner.csproj", "{529e318a-856a-3f16-8d44-86da69ca8835}"
EndProject
Project("{FAE04EC0-301F-11D3-BF4B-00C04F79EFBC}") = "Unity.VisualScripting.SettingsProvider.Editor", "Unity.VisualScripting.SettingsProvider.Editor.csproj", "{adbdc78c-08b3-aae3-2587-049f3b7321dd}"
EndProject
Project("{FAE04EC0-301F-11D3-BF4B-00C04F79EFBC}") = "UnityEngine.TestRunner", "UnityEngine.TestRunner.csproj", "{ff27dd4a-00d0-0a13-f48d-aa245bacfef5}"
EndProject
Project("{FAE04EC0-301F-11D3-BF4B-00C04F79EFBC}") = "UnityEngine.UI", "UnityEngine.UI.csproj", "{18620bd8-cc56-2655-f442-b12412b60ee0}"
EndProject
Project("{FAE04EC0-301F-11D3-BF4B-00C04F79EFBC}") = "Unity.VisualStudio.Editor", "Unity.VisualStudio.Editor.csproj", "{1ec7502a-48be-5fca-c2e3-5529b234d89d}"
EndProject
Project("{FAE04EC0-301F-11D3-BF4B-00C04F79EFBC}") = "Unity.TestTools.CodeCoverage.Editor.OpenCover.Model", "Unity.TestTools.CodeCoverage.Editor.OpenCover.Model.csproj", "{0039c185-a118-7fb4-5e21-b115f0f1d514}"
EndProject
Project("{FAE04EC0-301F-11D3-BF4B-00C04F79EFBC}") = "Unity.Rider.Editor", "Unity.Rider.Editor.csproj", "{0256047e-aa78-6ac9-c256-3af5a4a800fd}"
EndProject
Project("{FAE04EC0-301F-11D3-BF4B-00C04F79EFBC}") = "Unity.VisualScripting.State.Editor", "Unity.VisualScripting.State.Editor.csproj", "{d58b2849-4b51-4a6f-db47-07e107c4a479}"
EndProject
Project("{FAE04EC0-301F-11D3-BF4B-00C04F79EFBC}") = "Unity.TestTools.CodeCoverage.Editor", "Unity.TestTools.CodeCoverage.Editor.csproj", "{542f8fb6-7fd1-3e61-6f83-41edeaca1210}"
EndProject
Project("{FAE04EC0-301F-11D3-BF4B-00C04F79EFBC}") = "Unity.VisualScripting.State", "Unity.VisualScripting.State.csproj", "{479f5987-a44e-7da1-973c-ca7f31644bd9}"
EndProject
Project("{FAE04EC0-301F-11D3-BF4B-00C04F79EFBC}") = "Unity.TextMeshPro", "Unity.TextMeshPro.csproj", "{c7d15d45-7597-9535-d1c2-b6b7ae29057c}"
EndProject
Project("{FAE04EC0-301F-11D3-BF4B-00C04F79EFBC}") = "Unity.Performance.Profile-Analyzer.Editor", "Unity.Performance.Profile-Analyzer.Editor.csproj", "{facd3847-f897-b032-e3c9-0973f62a9d3f}"
EndProject
Project("{FAE04EC0-301F-11D3-BF4B-00C04F79EFBC}") = "Unity.VSCode.Editor", "Unity.VSCode.Editor.csproj", "{ed3b4c19-e5c5-0e10-9d32-861cc886509d}"
EndProject
Project("{FAE04EC0-301F-11D3-BF4B-00C04F79EFBC}") = "Unity.TestTools.CodeCoverage.Editor.OpenCover.Mono.Reflection", "Unity.TestTools.CodeCoverage.Editor.OpenCover.Mono.Reflection.csproj", "{224fb968-ef69-2668-3726-a95f834c12a3}"
EndProject
Project("{FAE04EC0-301F-11D3-BF4B-00C04F79EFBC}") = "Unity.Settings.Editor", "Unity.Settings.Editor.csproj", "{eb90744e-9bc8-fcc1-c8cf-3c21fe67b278}"
EndProject
Project("{FAE04EC0-301F-11D3-BF4B-00C04F79EFBC}") = "Assembly-CSharp-Editor", "Assembly-CSharp-Editor.csproj", "{8979e630-7a9f-43d2-c017-bb97254ee023}"
EndProject
Project("{FAE04EC0-301F-11D3-BF4B-00C04F79EFBC}") = "Unity.EditorCoroutines.Editor", "Unity.EditorCoroutines.Editor.csproj", "{10637d2f-7f60-3df4-3b12-2fdb13c3f430}"
EndProject
Project("{FAE04EC0-301F-11D3-BF4B-00C04F79EFBC}") = "Assembly-CSharp", "Assembly-CSharp.csproj", "{021b9fbd-0657-47b7-8f25-d717a2bc4c71}"
EndProject
Project("{FAE04EC0-301F-11D3-BF4B-00C04F79EFBC}") = "Unity.VisualScripting.Shared.Editor", "Unity.VisualScripting.Shared.Editor.csproj", "{7496cffa-465a-0502-e389-02c252336432}"
EndProject
Project("{FAE04EC0-301F-11D3-BF4B-00C04F79EFBC}") = "Unity.CollabProxy.Editor", "Unity.CollabProxy.Editor.csproj", "{c9519fea-c88e-7f2a-804f-bcd4cfe06808}"
EndProject
Global
	GlobalSection(SolutionConfigurationPlatforms) = preSolution
		Debug|Any CPU = Debug|Any CPU
	EndGlobalSection
	GlobalSection(ProjectConfigurationPlatforms) = postSolution
		{a856c1fd-54b7-3378-f7df-fbd49a77af70}.Debug|Any CPU.ActiveCfg = Debug|Any CPU
		{a856c1fd-54b7-3378-f7df-fbd49a77af70}.Debug|Any CPU.Build.0 = Debug|Any CPU
		{cff58460-1b8f-6353-90ec-44dac4bc6cea}.Debug|Any CPU.ActiveCfg = Debug|Any CPU
		{cff58460-1b8f-6353-90ec-44dac4bc6cea}.Debug|Any CPU.Build.0 = Debug|Any CPU
		{1aaa4de2-f890-f434-ad5f-33e721e248b6}.Debug|Any CPU.ActiveCfg = Debug|Any CPU
		{1aaa4de2-f890-f434-ad5f-33e721e248b6}.Debug|Any CPU.Build.0 = Debug|Any CPU
		{c833119b-ce5e-0f89-5372-a87352cf50f1}.Debug|Any CPU.ActiveCfg = Debug|Any CPU
		{c833119b-ce5e-0f89-5372-a87352cf50f1}.Debug|Any CPU.Build.0 = Debug|Any CPU
		{69334ea2-ec48-1b2a-9655-bc2ca66b9d3b}.Debug|Any CPU.ActiveCfg = Debug|Any CPU
		{69334ea2-ec48-1b2a-9655-bc2ca66b9d3b}.Debug|Any CPU.Build.0 = Debug|Any CPU
		{49dcc348-dbc2-d80a-f483-f6849fea02dd}.Debug|Any CPU.ActiveCfg = Debug|Any CPU
		{49dcc348-dbc2-d80a-f483-f6849fea02dd}.Debug|Any CPU.Build.0 = Debug|Any CPU
		{10874f79-3808-9215-98ce-6f182d5b5cd6}.Debug|Any CPU.ActiveCfg = Debug|Any CPU
		{10874f79-3808-9215-98ce-6f182d5b5cd6}.Debug|Any CPU.Build.0 = Debug|Any CPU
		{416aed83-f33d-e413-0d53-dfc17c5e7822}.Debug|Any CPU.ActiveCfg = Debug|Any CPU
		{416aed83-f33d-e413-0d53-dfc17c5e7822}.Debug|Any CPU.Build.0 = Debug|Any CPU
		{97c80728-cf32-d55d-f404-ab7abbb88168}.Debug|Any CPU.ActiveCfg = Debug|Any CPU
		{97c80728-cf32-d55d-f404-ab7abbb88168}.Debug|Any CPU.Build.0 = Debug|Any CPU
		{529e318a-856a-3f16-8d44-86da69ca8835}.Debug|Any CPU.ActiveCfg = Debug|Any CPU
		{529e318a-856a-3f16-8d44-86da69ca8835}.Debug|Any CPU.Build.0 = Debug|Any CPU
		{adbdc78c-08b3-aae3-2587-049f3b7321dd}.Debug|Any CPU.ActiveCfg = Debug|Any CPU
		{adbdc78c-08b3-aae3-2587-049f3b7321dd}.Debug|Any CPU.Build.0 = Debug|Any CPU
		{ff27dd4a-00d0-0a13-f48d-aa245bacfef5}.Debug|Any CPU.ActiveCfg = Debug|Any CPU
		{ff27dd4a-00d0-0a13-f48d-aa245bacfef5}.Debug|Any CPU.Build.0 = Debug|Any CPU
		{18620bd8-cc56-2655-f442-b12412b60ee0}.Debug|Any CPU.ActiveCfg = Debug|Any CPU
		{18620bd8-cc56-2655-f442-b12412b60ee0}.Debug|Any CPU.Build.0 = Debug|Any CPU
		{1ec7502a-48be-5fca-c2e3-5529b234d89d}.Debug|Any CPU.ActiveCfg = Debug|Any CPU
		{1ec7502a-48be-5fca-c2e3-5529b234d89d}.Debug|Any CPU.Build.0 = Debug|Any CPU
		{0039c185-a118-7fb4-5e21-b115f0f1d514}.Debug|Any CPU.ActiveCfg = Debug|Any CPU
		{0039c185-a118-7fb4-5e21-b115f0f1d514}.Debug|Any CPU.Build.0 = Debug|Any CPU
		{0256047e-aa78-6ac9-c256-3af5a4a800fd}.Debug|Any CPU.ActiveCfg = Debug|Any CPU
		{0256047e-aa78-6ac9-c256-3af5a4a800fd}.Debug|Any CPU.Build.0 = Debug|Any CPU
		{d58b2849-4b51-4a6f-db47-07e107c4a479}.Debug|Any CPU.ActiveCfg = Debug|Any CPU
		{d58b2849-4b51-4a6f-db47-07e107c4a479}.Debug|Any CPU.Build.0 = Debug|Any CPU
		{542f8fb6-7fd1-3e61-6f83-41edeaca1210}.Debug|Any CPU.ActiveCfg = Debug|Any CPU
		{542f8fb6-7fd1-3e61-6f83-41edeaca1210}.Debug|Any CPU.Build.0 = Debug|Any CPU
		{479f5987-a44e-7da1-973c-ca7f31644bd9}.Debug|Any CPU.ActiveCfg = Debug|Any CPU
		{479f5987-a44e-7da1-973c-ca7f31644bd9}.Debug|Any CPU.Build.0 = Debug|Any CPU
		{c7d15d45-7597-9535-d1c2-b6b7ae29057c}.Debug|Any CPU.ActiveCfg = Debug|Any CPU
		{c7d15d45-7597-9535-d1c2-b6b7ae29057c}.Debug|Any CPU.Build.0 = Debug|Any CPU
		{facd3847-f897-b032-e3c9-0973f62a9d3f}.Debug|Any CPU.ActiveCfg = Debug|Any CPU
		{facd3847-f897-b032-e3c9-0973f62a9d3f}.Debug|Any CPU.Build.0 = Debug|Any CPU
		{ed3b4c19-e5c5-0e10-9d32-861cc886509d}.Debug|Any CPU.ActiveCfg = Debug|Any CPU
		{ed3b4c19-e5c5-0e10-9d32-861cc886509d}.Debug|Any CPU.Build.0 = Debug|Any CPU
		{224fb968-ef69-2668-3726-a95f834c12a3}.Debug|Any CPU.ActiveCfg = Debug|Any CPU
		{224fb968-ef69-2668-3726-a95f834c12a3}.Debug|Any CPU.Build.0 = Debug|Any CPU
		{eb90744e-9bc8-fcc1-c8cf-3c21fe67b278}.Debug|Any CPU.ActiveCfg = Debug|Any CPU
		{eb90744e-9bc8-fcc1-c8cf-3c21fe67b278}.Debug|Any CPU.Build.0 = Debug|Any CPU
		{8979e630-7a9f-43d2-c017-bb97254ee023}.Debug|Any CPU.ActiveCfg = Debug|Any CPU
		{8979e630-7a9f-43d2-c017-bb97254ee023}.Debug|Any CPU.Build.0 = Debug|Any CPU
		{10637d2f-7f60-3df4-3b12-2fdb13c3f430}.Debug|Any CPU.ActiveCfg = Debug|Any CPU
		{10637d2f-7f60-3df4-3b12-2fdb13c3f430}.Debug|Any CPU.Build.0 = Debug|Any CPU
		{021b9fbd-0657-47b7-8f25-d717a2bc4c71}.Debug|Any CPU.ActiveCfg = Debug|Any CPU
		{021b9fbd-0657-47b7-8f25-d717a2bc4c71}.Debug|Any CPU.Build.0 = Debug|Any CPU
		{7496cffa-465a-0502-e389-02c252336432}.Debug|Any CPU.ActiveCfg = Debug|Any CPU
		{7496cffa-465a-0502-e389-02c252336432}.Debug|Any CPU.Build.0 = Debug|Any CPU
		{c9519fea-c88e-7f2a-804f-bcd4cfe06808}.Debug|Any CPU.ActiveCfg = Debug|Any CPU
		{c9519fea-c88e-7f2a-804f-bcd4cfe06808}.Debug|Any CPU.Build.0 = Debug|Any CPU
	EndGlobalSection
	GlobalSection(SolutionProperties) = preSolution
		HideSolutionNode = FALSE
	EndGlobalSection
EndGlobal
